// !$*UTF8*$!
{
	archiveVersion = 1;
	classes = {
	};
	objectVersion = 46;
	objects = {

/* Begin PBXBuildFile section */
		3674B1EF1B16563D00FFFF96 /* SVIndefiniteAnimatedView.m in Sources */ = {isa = PBXBuildFile; fileRef = 3674B1EA1B16563D00FFFF96 /* SVIndefiniteAnimatedView.m */; };
		3674B1F01B16563D00FFFF96 /* SVProgressHUD.bundle in Resources */ = {isa = PBXBuildFile; fileRef = 3674B1EC1B16563D00FFFF96 /* SVProgressHUD.bundle */; };
		3674B1F11B16563D00FFFF96 /* SVProgressHUD.m in Sources */ = {isa = PBXBuildFile; fileRef = 3674B1EE1B16563D00FFFF96 /* SVProgressHUD.m */; };
		3674B1F31B16565000FFFF96 /* QuartzCore.framework in Frameworks */ = {isa = PBXBuildFile; fileRef = 3674B1F21B16565000FFFF96 /* QuartzCore.framework */; };
		36881CAA1B0D32CC007FB12F /* main.m in Sources */ = {isa = PBXBuildFile; fileRef = 36881CA91B0D32CC007FB12F /* main.m */; };
		36881CAD1B0D32CC007FB12F /* AppDelegate.m in Sources */ = {isa = PBXBuildFile; fileRef = 36881CAC1B0D32CC007FB12F /* AppDelegate.m */; };
		36881CB01B0D32CC007FB12F /* ViewController.m in Sources */ = {isa = PBXBuildFile; fileRef = 36881CAF1B0D32CC007FB12F /* ViewController.m */; };
		36881CB31B0D32CC007FB12F /* Main.storyboard in Resources */ = {isa = PBXBuildFile; fileRef = 36881CB11B0D32CC007FB12F /* Main.storyboard */; };
		36881CB51B0D32CC007FB12F /* Images.xcassets in Resources */ = {isa = PBXBuildFile; fileRef = 36881CB41B0D32CC007FB12F /* Images.xcassets */; };
		36881CB81B0D32CC007FB12F /* LaunchScreen.xib in Resources */ = {isa = PBXBuildFile; fileRef = 36881CB61B0D32CC007FB12F /* LaunchScreen.xib */; };
		36881CC41B0D32CD007FB12F /* SampleAugmentedRealityTests.m in Sources */ = {isa = PBXBuildFile; fileRef = 36881CC31B0D32CD007FB12F /* SampleAugmentedRealityTests.m */; };
		36881CCF1B0D3322007FB12F /* AugmentViewController.m in Sources */ = {isa = PBXBuildFile; fileRef = 36881CCE1B0D3322007FB12F /* AugmentViewController.m */; };
		36881CD21B0D3632007FB12F /* AugmentOverlayView.m in Sources */ = {isa = PBXBuildFile; fileRef = 36881CD11B0D3632007FB12F /* AugmentOverlayView.m */; };
		36881CD71B0D3899007FB12F /* CoreMotion.framework in Frameworks */ = {isa = PBXBuildFile; fileRef = 36881CD61B0D3899007FB12F /* CoreMotion.framework */; };
		36881CD91B0D38A2007FB12F /* MapKit.framework in Frameworks */ = {isa = PBXBuildFile; fileRef = 36881CD81B0D38A2007FB12F /* MapKit.framework */; };
		36881CDB1B0D3DD5007FB12F /* CoreLocation.framework in Frameworks */ = {isa = PBXBuildFile; fileRef = 36881CDA1B0D3DD5007FB12F /* CoreLocation.framework */; };
		36881D191B0E6C9C007FB12F /* AFHTTPRequestOperation.m in Sources */ = {isa = PBXBuildFile; fileRef = 36881D071B0E6C9C007FB12F /* AFHTTPRequestOperation.m */; };
		36881D1A1B0E6C9C007FB12F /* AFHTTPRequestOperationManager.m in Sources */ = {isa = PBXBuildFile; fileRef = 36881D091B0E6C9C007FB12F /* AFHTTPRequestOperationManager.m */; };
		36881D1B1B0E6C9C007FB12F /* AFHTTPSessionManager.m in Sources */ = {isa = PBXBuildFile; fileRef = 36881D0B1B0E6C9C007FB12F /* AFHTTPSessionManager.m */; };
		36881D1C1B0E6C9C007FB12F /* AFNetworkReachabilityManager.m in Sources */ = {isa = PBXBuildFile; fileRef = 36881D0E1B0E6C9C007FB12F /* AFNetworkReachabilityManager.m */; };
		36881D1D1B0E6C9C007FB12F /* AFSecurityPolicy.m in Sources */ = {isa = PBXBuildFile; fileRef = 36881D101B0E6C9C007FB12F /* AFSecurityPolicy.m */; };
		36881D1E1B0E6C9C007FB12F /* AFURLConnectionOperation.m in Sources */ = {isa = PBXBuildFile; fileRef = 36881D121B0E6C9C007FB12F /* AFURLConnectionOperation.m */; };
		36881D1F1B0E6C9C007FB12F /* AFURLRequestSerialization.m in Sources */ = {isa = PBXBuildFile; fileRef = 36881D141B0E6C9C007FB12F /* AFURLRequestSerialization.m */; };
		36881D201B0E6C9C007FB12F /* AFURLResponseSerialization.m in Sources */ = {isa = PBXBuildFile; fileRef = 36881D161B0E6C9C007FB12F /* AFURLResponseSerialization.m */; };
		36881D211B0E6C9C007FB12F /* AFURLSessionManager.m in Sources */ = {isa = PBXBuildFile; fileRef = 36881D181B0E6C9C007FB12F /* AFURLSessionManager.m */; };
		36881D241B0E6CC8007FB12F /* PlacesDataController.m in Sources */ = {isa = PBXBuildFile; fileRef = 36881D231B0E6CC8007FB12F /* PlacesDataController.m */; };
		36881D271B0F8A6B007FB12F /* Place.m in Sources */ = {isa = PBXBuildFile; fileRef = 36881D261B0F8A6B007FB12F /* Place.m */; };
		36881D2E1B0FB258007FB12F /* AnnotationView.m in Sources */ = {isa = PBXBuildFile; fileRef = 36881D2D1B0FB258007FB12F /* AnnotationView.m */; };
/* End PBXBuildFile section */

/* Begin PBXContainerItemProxy section */
		36881CBE1B0D32CC007FB12F /* PBXContainerItemProxy */ = {
			isa = PBXContainerItemProxy;
			containerPortal = 36881C9C1B0D32CC007FB12F /* Project object */;
			proxyType = 1;
			remoteGlobalIDString = 36881CA31B0D32CC007FB12F;
			remoteInfo = SampleAugmentedReality;
		};
/* End PBXContainerItemProxy section */

/* Begin PBXFileReference section */
		3674B1E91B16563D00FFFF96 /* SVIndefiniteAnimatedView.h */ = {isa = PBXFileReference; fileEncoding = 4; lastKnownFileType = sourcecode.c.h; path = SVIndefiniteAnimatedView.h; sourceTree = "<group>"; };
		3674B1EA1B16563D00FFFF96 /* SVIndefiniteAnimatedView.m */ = {isa = PBXFileReference; fileEncoding = 4; lastKnownFileType = sourcecode.c.objc; path = SVIndefiniteAnimatedView.m; sourceTree = "<group>"; };
		3674B1EB1B16563D00FFFF96 /* SVProgressHUD-Prefix.pch */ = {isa = PBXFileReference; fileEncoding = 4; lastKnownFileType = sourcecode.c.h; path = "SVProgressHUD-Prefix.pch"; sourceTree = "<group>"; };
		3674B1EC1B16563D00FFFF96 /* SVProgressHUD.bundle */ = {isa = PBXFileReference; lastKnownFileType = "wrapper.plug-in"; path = SVProgressHUD.bundle; sourceTree = "<group>"; };
		3674B1ED1B16563D00FFFF96 /* SVProgressHUD.h */ = {isa = PBXFileReference; fileEncoding = 4; lastKnownFileType = sourcecode.c.h; path = SVProgressHUD.h; sourceTree = "<group>"; };
		3674B1EE1B16563D00FFFF96 /* SVProgressHUD.m */ = {isa = PBXFileReference; fileEncoding = 4; lastKnownFileType = sourcecode.c.objc; path = SVProgressHUD.m; sourceTree = "<group>"; };
		3674B1F21B16565000FFFF96 /* QuartzCore.framework */ = {isa = PBXFileReference; lastKnownFileType = wrapper.framework; name = QuartzCore.framework; path = System/Library/Frameworks/QuartzCore.framework; sourceTree = SDKROOT; };
		36881CA41B0D32CC007FB12F /* SampleAR.app */ = {isa = PBXFileReference; explicitFileType = wrapper.application; includeInIndex = 0; path = SampleAR.app; sourceTree = BUILT_PRODUCTS_DIR; };
		36881CA81B0D32CC007FB12F /* Info.plist */ = {isa = PBXFileReference; lastKnownFileType = text.plist.xml; path = Info.plist; sourceTree = "<group>"; };
		36881CA91B0D32CC007FB12F /* main.m */ = {isa = PBXFileReference; lastKnownFileType = sourcecode.c.objc; path = main.m; sourceTree = "<group>"; };
		36881CAB1B0D32CC007FB12F /* AppDelegate.h */ = {isa = PBXFileReference; lastKnownFileType = sourcecode.c.h; path = AppDelegate.h; sourceTree = "<group>"; };
		36881CAC1B0D32CC007FB12F /* AppDelegate.m */ = {isa = PBXFileReference; lastKnownFileType = sourcecode.c.objc; path = AppDelegate.m; sourceTree = "<group>"; };
		36881CAE1B0D32CC007FB12F /* ViewController.h */ = {isa = PBXFileReference; lastKnownFileType = sourcecode.c.h; path = ViewController.h; sourceTree = "<group>"; };
		36881CAF1B0D32CC007FB12F /* ViewController.m */ = {isa = PBXFileReference; lastKnownFileType = sourcecode.c.objc; path = ViewController.m; sourceTree = "<group>"; };
		36881CB21B0D32CC007FB12F /* Base */ = {isa = PBXFileReference; lastKnownFileType = file.storyboard; name = Base; path = Base.lproj/Main.storyboard; sourceTree = "<group>"; };
		36881CB41B0D32CC007FB12F /* Images.xcassets */ = {isa = PBXFileReference; lastKnownFileType = folder.assetcatalog; path = Images.xcassets; sourceTree = "<group>"; };
		36881CB71B0D32CC007FB12F /* Base */ = {isa = PBXFileReference; lastKnownFileType = file.xib; name = Base; path = Base.lproj/LaunchScreen.xib; sourceTree = "<group>"; };
		36881CBD1B0D32CC007FB12F /* SampleAugmentedRealityTests.xctest */ = {isa = PBXFileReference; explicitFileType = wrapper.cfbundle; includeInIndex = 0; path = SampleAugmentedRealityTests.xctest; sourceTree = BUILT_PRODUCTS_DIR; };
		36881CC21B0D32CC007FB12F /* Info.plist */ = {isa = PBXFileReference; lastKnownFileType = text.plist.xml; path = Info.plist; sourceTree = "<group>"; };
		36881CC31B0D32CD007FB12F /* SampleAugmentedRealityTests.m */ = {isa = PBXFileReference; lastKnownFileType = sourcecode.c.objc; path = SampleAugmentedRealityTests.m; sourceTree = "<group>"; };
		36881CCD1B0D3322007FB12F /* AugmentViewController.h */ = {isa = PBXFileReference; fileEncoding = 4; lastKnownFileType = sourcecode.c.h; name = AugmentViewController.h; path = ../AugmentViewController.h; sourceTree = "<group>"; };
		36881CCE1B0D3322007FB12F /* AugmentViewController.m */ = {isa = PBXFileReference; fileEncoding = 4; lastKnownFileType = sourcecode.c.objc; name = AugmentViewController.m; path = ../AugmentViewController.m; sourceTree = "<group>"; };
		36881CD01B0D3632007FB12F /* AugmentOverlayView.h */ = {isa = PBXFileReference; fileEncoding = 4; lastKnownFileType = sourcecode.c.h; path = AugmentOverlayView.h; sourceTree = "<group>"; };
		36881CD11B0D3632007FB12F /* AugmentOverlayView.m */ = {isa = PBXFileReference; fileEncoding = 4; lastKnownFileType = sourcecode.c.objc; path = AugmentOverlayView.m; sourceTree = "<group>"; };
		36881CD61B0D3899007FB12F /* CoreMotion.framework */ = {isa = PBXFileReference; lastKnownFileType = wrapper.framework; name = CoreMotion.framework; path = System/Library/Frameworks/CoreMotion.framework; sourceTree = SDKROOT; };
		36881CD81B0D38A2007FB12F /* MapKit.framework */ = {isa = PBXFileReference; lastKnownFileType = wrapper.framework; name = MapKit.framework; path = System/Library/Frameworks/MapKit.framework; sourceTree = SDKROOT; };
		36881CDA1B0D3DD5007FB12F /* CoreLocation.framework */ = {isa = PBXFileReference; lastKnownFileType = wrapper.framework; name = CoreLocation.framework; path = System/Library/Frameworks/CoreLocation.framework; sourceTree = SDKROOT; };
		36881D061B0E6C9C007FB12F /* AFHTTPRequestOperation.h */ = {isa = PBXFileReference; fileEncoding = 4; lastKnownFileType = sourcecode.c.h; path = AFHTTPRequestOperation.h; sourceTree = "<group>"; };
		36881D071B0E6C9C007FB12F /* AFHTTPRequestOperation.m */ = {isa = PBXFileReference; fileEncoding = 4; lastKnownFileType = sourcecode.c.objc; path = AFHTTPRequestOperation.m; sourceTree = "<group>"; };
		36881D081B0E6C9C007FB12F /* AFHTTPRequestOperationManager.h */ = {isa = PBXFileReference; fileEncoding = 4; lastKnownFileType = sourcecode.c.h; path = AFHTTPRequestOperationManager.h; sourceTree = "<group>"; };
		36881D091B0E6C9C007FB12F /* AFHTTPRequestOperationManager.m */ = {isa = PBXFileReference; fileEncoding = 4; lastKnownFileType = sourcecode.c.objc; path = AFHTTPRequestOperationManager.m; sourceTree = "<group>"; };
		36881D0A1B0E6C9C007FB12F /* AFHTTPSessionManager.h */ = {isa = PBXFileReference; fileEncoding = 4; lastKnownFileType = sourcecode.c.h; path = AFHTTPSessionManager.h; sourceTree = "<group>"; };
		36881D0B1B0E6C9C007FB12F /* AFHTTPSessionManager.m */ = {isa = PBXFileReference; fileEncoding = 4; lastKnownFileType = sourcecode.c.objc; path = AFHTTPSessionManager.m; sourceTree = "<group>"; };
		36881D0C1B0E6C9C007FB12F /* AFNetworking.h */ = {isa = PBXFileReference; fileEncoding = 4; lastKnownFileType = sourcecode.c.h; path = AFNetworking.h; sourceTree = "<group>"; };
		36881D0D1B0E6C9C007FB12F /* AFNetworkReachabilityManager.h */ = {isa = PBXFileReference; fileEncoding = 4; lastKnownFileType = sourcecode.c.h; path = AFNetworkReachabilityManager.h; sourceTree = "<group>"; };
		36881D0E1B0E6C9C007FB12F /* AFNetworkReachabilityManager.m */ = {isa = PBXFileReference; fileEncoding = 4; lastKnownFileType = sourcecode.c.objc; path = AFNetworkReachabilityManager.m; sourceTree = "<group>"; };
		36881D0F1B0E6C9C007FB12F /* AFSecurityPolicy.h */ = {isa = PBXFileReference; fileEncoding = 4; lastKnownFileType = sourcecode.c.h; path = AFSecurityPolicy.h; sourceTree = "<group>"; };
		36881D101B0E6C9C007FB12F /* AFSecurityPolicy.m */ = {isa = PBXFileReference; fileEncoding = 4; lastKnownFileType = sourcecode.c.objc; path = AFSecurityPolicy.m; sourceTree = "<group>"; };
		36881D111B0E6C9C007FB12F /* AFURLConnectionOperation.h */ = {isa = PBXFileReference; fileEncoding = 4; lastKnownFileType = sourcecode.c.h; path = AFURLConnectionOperation.h; sourceTree = "<group>"; };
		36881D121B0E6C9C007FB12F /* AFURLConnectionOperation.m */ = {isa = PBXFileReference; fileEncoding = 4; lastKnownFileType = sourcecode.c.objc; path = AFURLConnectionOperation.m; sourceTree = "<group>"; };
		36881D131B0E6C9C007FB12F /* AFURLRequestSerialization.h */ = {isa = PBXFileReference; fileEncoding = 4; lastKnownFileType = sourcecode.c.h; path = AFURLRequestSerialization.h; sourceTree = "<group>"; };
		36881D141B0E6C9C007FB12F /* AFURLRequestSerialization.m */ = {isa = PBXFileReference; fileEncoding = 4; lastKnownFileType = sourcecode.c.objc; path = AFURLRequestSerialization.m; sourceTree = "<group>"; };
		36881D151B0E6C9C007FB12F /* AFURLResponseSerialization.h */ = {isa = PBXFileReference; fileEncoding = 4; lastKnownFileType = sourcecode.c.h; path = AFURLResponseSerialization.h; sourceTree = "<group>"; };
		36881D161B0E6C9C007FB12F /* AFURLResponseSerialization.m */ = {isa = PBXFileReference; fileEncoding = 4; lastKnownFileType = sourcecode.c.objc; path = AFURLResponseSerialization.m; sourceTree = "<group>"; };
		36881D171B0E6C9C007FB12F /* AFURLSessionManager.h */ = {isa = PBXFileReference; fileEncoding = 4; lastKnownFileType = sourcecode.c.h; path = AFURLSessionManager.h; sourceTree = "<group>"; };
		36881D181B0E6C9C007FB12F /* AFURLSessionManager.m */ = {isa = PBXFileReference; fileEncoding = 4; lastKnownFileType = sourcecode.c.objc; path = AFURLSessionManager.m; sourceTree = "<group>"; };
		36881D221B0E6CC8007FB12F /* PlacesDataController.h */ = {isa = PBXFileReference; fileEncoding = 4; lastKnownFileType = sourcecode.c.h; path = PlacesDataController.h; sourceTree = "<group>"; };
		36881D231B0E6CC8007FB12F /* PlacesDataController.m */ = {isa = PBXFileReference; fileEncoding = 4; lastKnownFileType = sourcecode.c.objc; path = PlacesDataController.m; sourceTree = "<group>"; };
		36881D251B0F8A6B007FB12F /* Place.h */ = {isa = PBXFileReference; fileEncoding = 4; lastKnownFileType = sourcecode.c.h; path = Place.h; sourceTree = "<group>"; };
		36881D261B0F8A6B007FB12F /* Place.m */ = {isa = PBXFileReference; fileEncoding = 4; lastKnownFileType = sourcecode.c.objc; path = Place.m; sourceTree = "<group>"; };
		36881D2C1B0FB258007FB12F /* AnnotationView.h */ = {isa = PBXFileReference; fileEncoding = 4; lastKnownFileType = sourcecode.c.h; path = AnnotationView.h; sourceTree = "<group>"; };
		36881D2D1B0FB258007FB12F /* AnnotationView.m */ = {isa = PBXFileReference; fileEncoding = 4; lastKnownFileType = sourcecode.c.objc; path = AnnotationView.m; sourceTree = "<group>"; };
/* End PBXFileReference section */

/* Begin PBXFrameworksBuildPhase section */
		36881CA11B0D32CC007FB12F /* Frameworks */ = {
			isa = PBXFrameworksBuildPhase;
			buildActionMask = 2147483647;
			files = (
				3674B1F31B16565000FFFF96 /* QuartzCore.framework in Frameworks */,
				36881CDB1B0D3DD5007FB12F /* CoreLocation.framework in Frameworks */,
				36881CD91B0D38A2007FB12F /* MapKit.framework in Frameworks */,
				36881CD71B0D3899007FB12F /* CoreMotion.framework in Frameworks */,
			);
			runOnlyForDeploymentPostprocessing = 0;
		};
		36881CBA1B0D32CC007FB12F /* Frameworks */ = {
			isa = PBXFrameworksBuildPhase;
			buildActionMask = 2147483647;
			files = (
			);
			runOnlyForDeploymentPostprocessing = 0;
		};
/* End PBXFrameworksBuildPhase section */

/* Begin PBXGroup section */
		3674B1E81B16563D00FFFF96 /* SVProgressHUD */ = {
			isa = PBXGroup;
			children = (
				3674B1E91B16563D00FFFF96 /* SVIndefiniteAnimatedView.h */,
				3674B1EA1B16563D00FFFF96 /* SVIndefiniteAnimatedView.m */,
				3674B1EB1B16563D00FFFF96 /* SVProgressHUD-Prefix.pch */,
				3674B1EC1B16563D00FFFF96 /* SVProgressHUD.bundle */,
				3674B1ED1B16563D00FFFF96 /* SVProgressHUD.h */,
				3674B1EE1B16563D00FFFF96 /* SVProgressHUD.m */,
			);
			path = SVProgressHUD;
			sourceTree = "<group>";
		};
		36881C9B1B0D32CC007FB12F = {
			isa = PBXGroup;
			children = (
				36881CA61B0D32CC007FB12F /* SampleAugmentedReality */,
				36881CC01B0D32CC007FB12F /* SampleAugmentedRealityTests */,
				36881CA51B0D32CC007FB12F /* Products */,
			);
			sourceTree = "<group>";
		};
		36881CA51B0D32CC007FB12F /* Products */ = {
			isa = PBXGroup;
			children = (
				36881CA41B0D32CC007FB12F /* SampleAR.app */,
				36881CBD1B0D32CC007FB12F /* SampleAugmentedRealityTests.xctest */,
			);
			name = Products;
			sourceTree = "<group>";
		};
		36881CA61B0D32CC007FB12F /* SampleAugmentedReality */ = {
			isa = PBXGroup;
			children = (
				3674B1E81B16563D00FFFF96 /* SVProgressHUD */,
				36881CD31B0D3734007FB12F /* Models and Data Controllers */,
				36881CAB1B0D32CC007FB12F /* AppDelegate.h */,
				36881CAC1B0D32CC007FB12F /* AppDelegate.m */,
				36881CD41B0D3749007FB12F /* View Controllers */,
				36881CD51B0D3760007FB12F /* Views */,
				36881CB11B0D32CC007FB12F /* Main.storyboard */,
				36881CB41B0D32CC007FB12F /* Images.xcassets */,
				36881CB61B0D32CC007FB12F /* LaunchScreen.xib */,
				36881CA71B0D32CC007FB12F /* Supporting Files */,
			);
			path = SampleAugmentedReality;
			sourceTree = "<group>";
		};
		36881CA71B0D32CC007FB12F /* Supporting Files */ = {
			isa = PBXGroup;
			children = (
				3674B1F21B16565000FFFF96 /* QuartzCore.framework */,
				36881D051B0E6C9C007FB12F /* AFNetworking */,
				36881CDA1B0D3DD5007FB12F /* CoreLocation.framework */,
				36881CD81B0D38A2007FB12F /* MapKit.framework */,
				36881CD61B0D3899007FB12F /* CoreMotion.framework */,
				36881CA81B0D32CC007FB12F /* Info.plist */,
				36881CA91B0D32CC007FB12F /* main.m */,
			);
			name = "Supporting Files";
			sourceTree = "<group>";
		};
		36881CC01B0D32CC007FB12F /* SampleAugmentedRealityTests */ = {
			isa = PBXGroup;
			children = (
				36881CC31B0D32CD007FB12F /* SampleAugmentedRealityTests.m */,
				36881CC11B0D32CC007FB12F /* Supporting Files */,
			);
			path = SampleAugmentedRealityTests;
			sourceTree = "<group>";
		};
		36881CC11B0D32CC007FB12F /* Supporting Files */ = {
			isa = PBXGroup;
			children = (
				36881CC21B0D32CC007FB12F /* Info.plist */,
			);
			name = "Supporting Files";
			sourceTree = "<group>";
		};
		36881CD31B0D3734007FB12F /* Models and Data Controllers */ = {
			isa = PBXGroup;
			children = (
				36881D221B0E6CC8007FB12F /* PlacesDataController.h */,
				36881D231B0E6CC8007FB12F /* PlacesDataController.m */,
				36881D251B0F8A6B007FB12F /* Place.h */,
				36881D261B0F8A6B007FB12F /* Place.m */,
			);
			name = "Models and Data Controllers";
			sourceTree = "<group>";
		};
		36881CD41B0D3749007FB12F /* View Controllers */ = {
			isa = PBXGroup;
			children = (
				36881CAE1B0D32CC007FB12F /* ViewController.h */,
				36881CAF1B0D32CC007FB12F /* ViewController.m */,
				36881CCD1B0D3322007FB12F /* AugmentViewController.h */,
				36881CCE1B0D3322007FB12F /* AugmentViewController.m */,
			);
			name = "View Controllers";
			sourceTree = "<group>";
		};
		36881CD51B0D3760007FB12F /* Views */ = {
			isa = PBXGroup;
			children = (
				36881CD01B0D3632007FB12F /* AugmentOverlayView.h */,
				36881CD11B0D3632007FB12F /* AugmentOverlayView.m */,
				36881D2C1B0FB258007FB12F /* AnnotationView.h */,
				36881D2D1B0FB258007FB12F /* AnnotationView.m */,
			);
			name = Views;
			sourceTree = "<group>";
		};
		36881D051B0E6C9C007FB12F /* AFNetworking */ = {
			isa = PBXGroup;
			children = (
				36881D061B0E6C9C007FB12F /* AFHTTPRequestOperation.h */,
				36881D071B0E6C9C007FB12F /* AFHTTPRequestOperation.m */,
				36881D081B0E6C9C007FB12F /* AFHTTPRequestOperationManager.h */,
				36881D091B0E6C9C007FB12F /* AFHTTPRequestOperationManager.m */,
				36881D0A1B0E6C9C007FB12F /* AFHTTPSessionManager.h */,
				36881D0B1B0E6C9C007FB12F /* AFHTTPSessionManager.m */,
				36881D0C1B0E6C9C007FB12F /* AFNetworking.h */,
				36881D0D1B0E6C9C007FB12F /* AFNetworkReachabilityManager.h */,
				36881D0E1B0E6C9C007FB12F /* AFNetworkReachabilityManager.m */,
				36881D0F1B0E6C9C007FB12F /* AFSecurityPolicy.h */,
				36881D101B0E6C9C007FB12F /* AFSecurityPolicy.m */,
				36881D111B0E6C9C007FB12F /* AFURLConnectionOperation.h */,
				36881D121B0E6C9C007FB12F /* AFURLConnectionOperation.m */,
				36881D131B0E6C9C007FB12F /* AFURLRequestSerialization.h */,
				36881D141B0E6C9C007FB12F /* AFURLRequestSerialization.m */,
				36881D151B0E6C9C007FB12F /* AFURLResponseSerialization.h */,
				36881D161B0E6C9C007FB12F /* AFURLResponseSerialization.m */,
				36881D171B0E6C9C007FB12F /* AFURLSessionManager.h */,
				36881D181B0E6C9C007FB12F /* AFURLSessionManager.m */,
			);
			path = AFNetworking;
			sourceTree = "<group>";
		};
/* End PBXGroup section */

/* Begin PBXNativeTarget section */
		36881CA31B0D32CC007FB12F /* SampleAR */ = {
			isa = PBXNativeTarget;
			buildConfigurationList = 36881CC71B0D32CD007FB12F /* Build configuration list for PBXNativeTarget "SampleAR" */;
			buildPhases = (
				36881CA01B0D32CC007FB12F /* Sources */,
				36881CA11B0D32CC007FB12F /* Frameworks */,
				36881CA21B0D32CC007FB12F /* Resources */,
			);
			buildRules = (
			);
			dependencies = (
			);
			name = SampleAR;
			productName = SampleAugmentedReality;
			productReference = 36881CA41B0D32CC007FB12F /* SampleAR.app */;
			productType = "com.apple.product-type.application";
		};
		36881CBC1B0D32CC007FB12F /* SampleAugmentedRealityTests */ = {
			isa = PBXNativeTarget;
			buildConfigurationList = 36881CCA1B0D32CD007FB12F /* Build configuration list for PBXNativeTarget "SampleAugmentedRealityTests" */;
			buildPhases = (
				36881CB91B0D32CC007FB12F /* Sources */,
				36881CBA1B0D32CC007FB12F /* Frameworks */,
				36881CBB1B0D32CC007FB12F /* Resources */,
			);
			buildRules = (
			);
			dependencies = (
				36881CBF1B0D32CC007FB12F /* PBXTargetDependency */,
			);
			name = SampleAugmentedRealityTests;
			productName = SampleAugmentedRealityTests;
			productReference = 36881CBD1B0D32CC007FB12F /* SampleAugmentedRealityTests.xctest */;
			productType = "com.apple.product-type.bundle.unit-test";
		};
/* End PBXNativeTarget section */

/* Begin PBXProject section */
		36881C9C1B0D32CC007FB12F /* Project object */ = {
			isa = PBXProject;
			attributes = {
				LastUpgradeCheck = 0630;
				ORGANIZATIONNAME = NandaKG;
				TargetAttributes = {
					36881CA31B0D32CC007FB12F = {
						CreatedOnToolsVersion = 6.3;
						DevelopmentTeam = 87NDQRQS79;
					};
					36881CBC1B0D32CC007FB12F = {
						CreatedOnToolsVersion = 6.3;
						TestTargetID = 36881CA31B0D32CC007FB12F;
					};
				};
			};
			buildConfigurationList = 36881C9F1B0D32CC007FB12F /* Build configuration list for PBXProject "SampleAugmentedReality" */;
			compatibilityVersion = "Xcode 3.2";
			developmentRegion = English;
			hasScannedForEncodings = 0;
			knownRegions = (
				en,
				Base,
			);
			mainGroup = 36881C9B1B0D32CC007FB12F;
			productRefGroup = 36881CA51B0D32CC007FB12F /* Products */;
			projectDirPath = "";
			projectRoot = "";
			targets = (
				36881CA31B0D32CC007FB12F /* SampleAR */,
				36881CBC1B0D32CC007FB12F /* SampleAugmentedRealityTests */,
			);
		};
/* End PBXProject section */

/* Begin PBXResourcesBuildPhase section */
		36881CA21B0D32CC007FB12F /* Resources */ = {
			isa = PBXResourcesBuildPhase;
			buildActionMask = 2147483647;
			files = (
				36881CB31B0D32CC007FB12F /* Main.storyboard in Resources */,
				36881CB81B0D32CC007FB12F /* LaunchScreen.xib in Resources */,
				36881CB51B0D32CC007FB12F /* Images.xcassets in Resources */,
				3674B1F01B16563D00FFFF96 /* SVProgressHUD.bundle in Resources */,
			);
			runOnlyForDeploymentPostprocessing = 0;
		};
		36881CBB1B0D32CC007FB12F /* Resources */ = {
			isa = PBXResourcesBuildPhase;
			buildActionMask = 2147483647;
			files = (
			);
			runOnlyForDeploymentPostprocessing = 0;
		};
/* End PBXResourcesBuildPhase section */

/* Begin PBXSourcesBuildPhase section */
		36881CA01B0D32CC007FB12F /* Sources */ = {
			isa = PBXSourcesBuildPhase;
			buildActionMask = 2147483647;
			files = (
				36881D1E1B0E6C9C007FB12F /* AFURLConnectionOperation.m in Sources */,
				36881D191B0E6C9C007FB12F /* AFHTTPRequestOperation.m in Sources */,
				36881D1C1B0E6C9C007FB12F /* AFNetworkReachabilityManager.m in Sources */,
				36881D211B0E6C9C007FB12F /* AFURLSessionManager.m in Sources */,
				36881D2E1B0FB258007FB12F /* AnnotationView.m in Sources */,
				36881D1F1B0E6C9C007FB12F /* AFURLRequestSerialization.m in Sources */,
				36881CB01B0D32CC007FB12F /* ViewController.m in Sources */,
				3674B1F11B16563D00FFFF96 /* SVProgressHUD.m in Sources */,
				36881D201B0E6C9C007FB12F /* AFURLResponseSerialization.m in Sources */,
				36881D271B0F8A6B007FB12F /* Place.m in Sources */,
				36881CD21B0D3632007FB12F /* AugmentOverlayView.m in Sources */,
				36881CAD1B0D32CC007FB12F /* AppDelegate.m in Sources */,
				3674B1EF1B16563D00FFFF96 /* SVIndefiniteAnimatedView.m in Sources */,
				36881D1A1B0E6C9C007FB12F /* AFHTTPRequestOperationManager.m in Sources */,
				36881D1D1B0E6C9C007FB12F /* AFSecurityPolicy.m in Sources */,
				36881D241B0E6CC8007FB12F /* PlacesDataController.m in Sources */,
				36881CCF1B0D3322007FB12F /* AugmentViewController.m in Sources */,
				36881CAA1B0D32CC007FB12F /* main.m in Sources */,
				36881D1B1B0E6C9C007FB12F /* AFHTTPSessionManager.m in Sources */,
			);
			runOnlyForDeploymentPostprocessing = 0;
		};
		36881CB91B0D32CC007FB12F /* Sources */ = {
			isa = PBXSourcesBuildPhase;
			buildActionMask = 2147483647;
			files = (
				36881CC41B0D32CD007FB12F /* SampleAugmentedRealityTests.m in Sources */,
			);
			runOnlyForDeploymentPostprocessing = 0;
		};
/* End PBXSourcesBuildPhase section */

/* Begin PBXTargetDependency section */
		36881CBF1B0D32CC007FB12F /* PBXTargetDependency */ = {
			isa = PBXTargetDependency;
			target = 36881CA31B0D32CC007FB12F /* SampleAR */;
			targetProxy = 36881CBE1B0D32CC007FB12F /* PBXContainerItemProxy */;
		};
/* End PBXTargetDependency section */

/* Begin PBXVariantGroup section */
		36881CB11B0D32CC007FB12F /* Main.storyboard */ = {
			isa = PBXVariantGroup;
			children = (
				36881CB21B0D32CC007FB12F /* Base */,
			);
			name = Main.storyboard;
			sourceTree = "<group>";
		};
		36881CB61B0D32CC007FB12F /* LaunchScreen.xib */ = {
			isa = PBXVariantGroup;
			children = (
				36881CB71B0D32CC007FB12F /* Base */,
			);
			name = LaunchScreen.xib;
			sourceTree = "<group>";
		};
/* End PBXVariantGroup section */

/* Begin XCBuildConfiguration section */
		36881CC51B0D32CD007FB12F /* Debug */ = {
			isa = XCBuildConfiguration;
			buildSettings = {
				ALWAYS_SEARCH_USER_PATHS = NO;
				CLANG_CXX_LANGUAGE_STANDARD = "gnu++0x";
				CLANG_CXX_LIBRARY = "libc++";
				CLANG_ENABLE_MODULES = YES;
				CLANG_ENABLE_OBJC_ARC = YES;
				CLANG_WARN_BOOL_CONVERSION = YES;
				CLANG_WARN_CONSTANT_CONVERSION = YES;
				CLANG_WARN_DIRECT_OBJC_ISA_USAGE = YES_ERROR;
				CLANG_WARN_EMPTY_BODY = YES;
				CLANG_WARN_ENUM_CONVERSION = YES;
				CLANG_WARN_INT_CONVERSION = YES;
				CLANG_WARN_OBJC_ROOT_CLASS = YES_ERROR;
				CLANG_WARN_UNREACHABLE_CODE = YES;
				CLANG_WARN__DUPLICATE_METHOD_MATCH = YES;
				"CODE_SIGN_IDENTITY[sdk=iphoneos*]" = "iPhone Developer";
				COPY_PHASE_STRIP = NO;
				DEBUG_INFORMATION_FORMAT = "dwarf-with-dsym";
				ENABLE_STRICT_OBJC_MSGSEND = YES;
				GCC_C_LANGUAGE_STANDARD = gnu99;
				GCC_DYNAMIC_NO_PIC = NO;
				GCC_NO_COMMON_BLOCKS = YES;
				GCC_OPTIMIZATION_LEVEL = 0;
				GCC_PREPROCESSOR_DEFINITIONS = (
					"DEBUG=1",
					"$(inherited)",
				);
				GCC_SYMBOLS_PRIVATE_EXTERN = NO;
				GCC_WARN_64_TO_32_BIT_CONVERSION = YES;
				GCC_WARN_ABOUT_RETURN_TYPE = YES_ERROR;
				GCC_WARN_UNDECLARED_SELECTOR = YES;
				GCC_WARN_UNINITIALIZED_AUTOS = YES_AGGRESSIVE;
				GCC_WARN_UNUSED_FUNCTION = YES;
				GCC_WARN_UNUSED_VARIABLE = YES;
				IPHONEOS_DEPLOYMENT_TARGET = 8.3;
				MTL_ENABLE_DEBUG_INFO = YES;
				ONLY_ACTIVE_ARCH = YES;
				SDKROOT = iphoneos;
			};
			name = Debug;
		};
		36881CC61B0D32CD007FB12F /* Release */ = {
			isa = XCBuildConfiguration;
			buildSettings = {
				ALWAYS_SEARCH_USER_PATHS = NO;
				CLANG_CXX_LANGUAGE_STANDARD = "gnu++0x";
				CLANG_CXX_LIBRARY = "libc++";
				CLANG_ENABLE_MODULES = YES;
				CLANG_ENABLE_OBJC_ARC = YES;
				CLANG_WARN_BOOL_CONVERSION = YES;
				CLANG_WARN_CONSTANT_CONVERSION = YES;
				CLANG_WARN_DIRECT_OBJC_ISA_USAGE = YES_ERROR;
				CLANG_WARN_EMPTY_BODY = YES;
				CLANG_WARN_ENUM_CONVERSION = YES;
				CLANG_WARN_INT_CONVERSION = YES;
				CLANG_WARN_OBJC_ROOT_CLASS = YES_ERROR;
				CLANG_WARN_UNREACHABLE_CODE = YES;
				CLANG_WARN__DUPLICATE_METHOD_MATCH = YES;
				"CODE_SIGN_IDENTITY[sdk=iphoneos*]" = "iPhone Developer";
				COPY_PHASE_STRIP = NO;
				DEBUG_INFORMATION_FORMAT = "dwarf-with-dsym";
				ENABLE_NS_ASSERTIONS = NO;
				ENABLE_STRICT_OBJC_MSGSEND = YES;
				GCC_C_LANGUAGE_STANDARD = gnu99;
				GCC_NO_COMMON_BLOCKS = YES;
				GCC_WARN_64_TO_32_BIT_CONVERSION = YES;
				GCC_WARN_ABOUT_RETURN_TYPE = YES_ERROR;
				GCC_WARN_UNDECLARED_SELECTOR = YES;
				GCC_WARN_UNINITIALIZED_AUTOS = YES_AGGRESSIVE;
				GCC_WARN_UNUSED_FUNCTION = YES;
				GCC_WARN_UNUSED_VARIABLE = YES;
				IPHONEOS_DEPLOYMENT_TARGET = 8.3;
				MTL_ENABLE_DEBUG_INFO = NO;
				SDKROOT = iphoneos;
				VALIDATE_PRODUCT = YES;
			};
			name = Release;
		};
		36881CC81B0D32CD007FB12F /* Debug */ = {
			isa = XCBuildConfiguration;
			buildSettings = {
				ASSETCATALOG_COMPILER_APPICON_NAME = AppIcon;
				CODE_SIGN_IDENTITY = "iPhone Developer";
				INFOPLIST_FILE = SampleAugmentedReality/Info.plist;
				LD_RUNPATH_SEARCH_PATHS = "$(inherited) @executable_path/Frameworks";
				PRODUCT_NAME = "$(TARGET_NAME)";
			};
			name = Debug;
		};
		36881CC91B0D32CD007FB12F /* Release */ = {
			isa = XCBuildConfiguration;
			buildSettings = {
				ASSETCATALOG_COMPILER_APPICON_NAME = AppIcon;
				CODE_SIGN_IDENTITY = "iPhone Developer";
				INFOPLIST_FILE = SampleAugmentedReality/Info.plist;
				LD_RUNPATH_SEARCH_PATHS = "$(inherited) @executable_path/Frameworks";
				PRODUCT_NAME = "$(TARGET_NAME)";
			};
			name = Release;
		};
		36881CCB1B0D32CD007FB12F /* Debug */ = {
			isa = XCBuildConfiguration;
			buildSettings = {
				BUNDLE_LOADER = "$(TEST_HOST)";
				FRAMEWORK_SEARCH_PATHS = (
					"$(SDKROOT)/Developer/Library/Frameworks",
					"$(inherited)",
				);
				GCC_PREPROCESSOR_DEFINITIONS = (
					"DEBUG=1",
					"$(inherited)",
				);
				INFOPLIST_FILE = SampleAugmentedRealityTests/Info.plist;
				LD_RUNPATH_SEARCH_PATHS = "$(inherited) @executable_path/Frameworks @loader_path/Frameworks";
				PRODUCT_NAME = "$(TARGET_NAME)";
				TEST_HOST = "$(BUILT_PRODUCTS_DIR)/SampleAugmentedReality.app/SampleAugmentedReality";
			};
			name = Debug;
		};
		36881CCC1B0D32CD007FB12F /* Release */ = {
			isa = XCBuildConfiguration;
			buildSettings = {
				BUNDLE_LOADER = "$(TEST_HOST)";
				FRAMEWORK_SEARCH_PATHS = (
					"$(SDKROOT)/Developer/Library/Frameworks",
					"$(inherited)",
				);
				INFOPLIST_FILE = SampleAugmentedRealityTests/Info.plist;
				LD_RUNPATH_SEARCH_PATHS = "$(inherited) @executable_path/Frameworks @loader_path/Frameworks";
				PRODUCT_NAME = "$(TARGET_NAME)";
				TEST_HOST = "$(BUILT_PRODUCTS_DIR)/SampleAugmentedReality.app/SampleAugmentedReality";
			};
			name = Release;
		};
/* End XCBuildConfiguration section */

/* Begin XCConfigurationList section */
		36881C9F1B0D32CC007FB12F /* Build configuration list for PBXProject "SampleAugmentedReality" */ = {
			isa = XCConfigurationList;
			buildConfigurations = (
				36881CC51B0D32CD007FB12F /* Debug */,
				36881CC61B0D32CD007FB12F /* Release */,
			);
			defaultConfigurationIsVisible = 0;
			defaultConfigurationName = Release;
		};
		36881CC71B0D32CD007FB12F /* Build configuration list for PBXNativeTarget "SampleAR" */ = {
			isa = XCConfigurationList;
			buildConfigurations = (
				36881CC81B0D32CD007FB12F /* Debug */,
				36881CC91B0D32CD007FB12F /* Release */,
			);
			defaultConfigurationIsVisible = 0;
			defaultConfigurationName = Release;
		};
		36881CCA1B0D32CD007FB12F /* Build configuration list for PBXNativeTarget "SampleAugmentedRealityTests" */ = {
			isa = XCConfigurationList;
			buildConfigurations = (
				36881CCB1B0D32CD007FB12F /* Debug */,
				36881CCC1B0D32CD007FB12F /* Release */,
			);
			defaultConfigurationIsVisible = 0;
			defaultConfigurationName = Release;
		};
/* End XCConfigurationList section */
	};
	rootObject = 36881C9C1B0D32CC007FB12F /* Project object */;
}
